
Microsoft Visual Studio Solution File, Format Version 12.00
# Visual Studio Version 16
VisualStudioVersion = 16.0.30002.166
MinimumVisualStudioVersion = 10.0.40219.1
Project("{9A19103F-16F7-4668-BE54-9A1E7A4F7556}") = "Common", "Common\Common.csproj", "{7C30FAAE-AB94-4EA9-8BC2-28408569DC62}"
EndProject
Project("{9A19103F-16F7-4668-BE54-9A1E7A4F7556}") = "RAMEditor", "RAMEditor\RAMEditor.csproj", "{BE76EC7F-EB87-4391-AA43-1F5C84343E38}"
EndProject
Project("{C7167F0D-BC9F-4E6E-AFE1-012C56B48DB5}") = "RAMEditorSetup", "RAMEditorSetup\RAMEditorSetup.wapproj", "{4F7D165A-16C2-4BC9-86C4-50F8820CD456}"
EndProject
Project("{9A19103F-16F7-4668-BE54-9A1E7A4F7556}") = "RAMConsole", "RAMConsole\RAMConsole.csproj", "{ABC2088B-8A93-4111-AC74-6A8CB3C3DDB7}"
EndProject
Global
	GlobalSection(SolutionConfigurationPlatforms) = preSolution
		Debug|Any CPU = Debug|Any CPU
		Debug|ARM = Debug|ARM
		Debug|ARM64 = Debug|ARM64
		Debug|x64 = Debug|x64
		Debug|x86 = Debug|x86
		Release|Any CPU = Release|Any CPU
		Release|ARM = Release|ARM
		Release|ARM64 = Release|ARM64
		Release|x64 = Release|x64
		Release|x86 = Release|x86
	EndGlobalSection
	GlobalSection(ProjectConfigurationPlatforms) = postSolution
		{7C30FAAE-AB94-4EA9-8BC2-28408569DC62}.Debug|Any CPU.ActiveCfg = Debug|Any CPU
		{7C30FAAE-AB94-4EA9-8BC2-28408569DC62}.Debug|Any CPU.Build.0 = Debug|Any CPU
		{7C30FAAE-AB94-4EA9-8BC2-28408569DC62}.Debug|ARM.ActiveCfg = Debug|Any CPU
		{7C30FAAE-AB94-4EA9-8BC2-28408569DC62}.Debug|ARM.Build.0 = Debug|Any CPU
		{7C30FAAE-AB94-4EA9-8BC2-28408569DC62}.Debug|ARM64.ActiveCfg = Debug|Any CPU
		{7C30FAAE-AB94-4EA9-8BC2-28408569DC62}.Debug|ARM64.Build.0 = Debug|Any CPU
		{7C30FAAE-AB94-4EA9-8BC2-28408569DC62}.Debug|x64.ActiveCfg = Debug|Any CPU
		{7C30FAAE-AB94-4EA9-8BC2-28408569DC62}.Debug|x64.Build.0 = Debug|Any CPU
		{7C30FAAE-AB94-4EA9-8BC2-28408569DC62}.Debug|x86.ActiveCfg = Debug|Any CPU
		{7C30FAAE-AB94-4EA9-8BC2-28408569DC62}.Debug|x86.Build.0 = Debug|Any CPU
		{7C30FAAE-AB94-4EA9-8BC2-28408569DC62}.Release|Any CPU.ActiveCfg = Release|Any CPU
		{7C30FAAE-AB94-4EA9-8BC2-28408569DC62}.Release|Any CPU.Build.0 = Release|Any CPU
		{7C30FAAE-AB94-4EA9-8BC2-28408569DC62}.Release|ARM.ActiveCfg = Release|Any CPU
		{7C30FAAE-AB94-4EA9-8BC2-28408569DC62}.Release|ARM.Build.0 = Release|Any CPU
		{7C30FAAE-AB94-4EA9-8BC2-28408569DC62}.Release|ARM64.ActiveCfg = Release|Any CPU
		{7C30FAAE-AB94-4EA9-8BC2-28408569DC62}.Release|ARM64.Build.0 = Release|Any CPU
		{7C30FAAE-AB94-4EA9-8BC2-28408569DC62}.Release|x64.ActiveCfg = Release|Any CPU
		{7C30FAAE-AB94-4EA9-8BC2-28408569DC62}.Release|x64.Build.0 = Release|Any CPU
		{7C30FAAE-AB94-4EA9-8BC2-28408569DC62}.Release|x86.ActiveCfg = Release|Any CPU
		{7C30FAAE-AB94-4EA9-8BC2-28408569DC62}.Release|x86.Build.0 = Release|Any CPU
		{BE76EC7F-EB87-4391-AA43-1F5C84343E38}.Debug|Any CPU.ActiveCfg = Debug|Any CPU
		{BE76EC7F-EB87-4391-AA43-1F5C84343E38}.Debug|Any CPU.Build.0 = Debug|Any CPU
		{BE76EC7F-EB87-4391-AA43-1F5C84343E38}.Debug|ARM.ActiveCfg = Debug|Any CPU
		{BE76EC7F-EB87-4391-AA43-1F5C84343E38}.Debug|ARM.Build.0 = Debug|Any CPU
		{BE76EC7F-EB87-4391-AA43-1F5C84343E38}.Debug|ARM64.ActiveCfg = Debug|Any CPU
		{BE76EC7F-EB87-4391-AA43-1F5C84343E38}.Debug|ARM64.Build.0 = Debug|Any CPU
		{BE76EC7F-EB87-4391-AA43-1F5C84343E38}.Debug|x64.ActiveCfg = Debug|Any CPU
		{BE76EC7F-EB87-4391-AA43-1F5C84343E38}.Debug|x64.Build.0 = Debug|Any CPU
		{BE76EC7F-EB87-4391-AA43-1F5C84343E38}.Debug|x86.ActiveCfg = Debug|Any CPU
		{BE76EC7F-EB87-4391-AA43-1F5C84343E38}.Debug|x86.Build.0 = Debug|Any CPU
		{BE76EC7F-EB87-4391-AA43-1F5C84343E38}.Release|Any CPU.ActiveCfg = Release|Any CPU
		{BE76EC7F-EB87-4391-AA43-1F5C84343E38}.Release|Any CPU.Build.0 = Release|Any CPU
		{BE76EC7F-EB87-4391-AA43-1F5C84343E38}.Release|ARM.ActiveCfg = Release|Any CPU
		{BE76EC7F-EB87-4391-AA43-1F5C84343E38}.Release|ARM.Build.0 = Release|Any CPU
		{BE76EC7F-EB87-4391-AA43-1F5C84343E38}.Release|ARM64.ActiveCfg = Release|Any CPU
		{BE76EC7F-EB87-4391-AA43-1F5C84343E38}.Release|ARM64.Build.0 = Release|Any CPU
		{BE76EC7F-EB87-4391-AA43-1F5C84343E38}.Release|x64.ActiveCfg = Release|Any CPU
		{BE76EC7F-EB87-4391-AA43-1F5C84343E38}.Release|x64.Build.0 = Release|Any CPU
		{BE76EC7F-EB87-4391-AA43-1F5C84343E38}.Release|x86.ActiveCfg = Release|Any CPU
		{BE76EC7F-EB87-4391-AA43-1F5C84343E38}.Release|x86.Build.0 = Release|Any CPU
		{4F7D165A-16C2-4BC9-86C4-50F8820CD456}.Debug|Any CPU.ActiveCfg = Debug|Any CPU
		{4F7D165A-16C2-4BC9-86C4-50F8820CD456}.Debug|Any CPU.Build.0 = Debug|Any CPU
		{4F7D165A-16C2-4BC9-86C4-50F8820CD456}.Debug|Any CPU.Deploy.0 = Debug|Any CPU
		{4F7D165A-16C2-4BC9-86C4-50F8820CD456}.Debug|ARM.ActiveCfg = Debug|ARM
		{4F7D165A-16C2-4BC9-86C4-50F8820CD456}.Debug|ARM.Build.0 = Debug|ARM
		{4F7D165A-16C2-4BC9-86C4-50F8820CD456}.Debug|ARM.Deploy.0 = Debug|ARM
		{4F7D165A-16C2-4BC9-86C4-50F8820CD456}.Debug|ARM64.ActiveCfg = Debug|ARM64
		{4F7D165A-16C2-4BC9-86C4-50F8820CD456}.Debug|ARM64.Build.0 = Debug|ARM64
		{4F7D165A-16C2-4BC9-86C4-50F8820CD456}.Debug|ARM64.Deploy.0 = Debug|ARM64
		{4F7D165A-16C2-4BC9-86C4-50F8820CD456}.Debug|x64.ActiveCfg = Debug|x64
		{4F7D165A-16C2-4BC9-86C4-50F8820CD456}.Debug|x64.Build.0 = Debug|x64
		{4F7D165A-16C2-4BC9-86C4-50F8820CD456}.Debug|x64.Deploy.0 = Debug|x64
		{4F7D165A-16C2-4BC9-86C4-50F8820CD456}.Debug|x86.ActiveCfg = Debug|x86
		{4F7D165A-16C2-4BC9-86C4-50F8820CD456}.Debug|x86.Build.0 = Debug|x86
		{4F7D165A-16C2-4BC9-86C4-50F8820CD456}.Debug|x86.Deploy.0 = Debug|x86
		{4F7D165A-16C2-4BC9-86C4-50F8820CD456}.Release|Any CPU.ActiveCfg = Release|Any CPU
		{4F7D165A-16C2-4BC9-86C4-50F8820CD456}.Release|Any CPU.Build.0 = Release|Any CPU
		{4F7D165A-16C2-4BC9-86C4-50F8820CD456}.Release|Any CPU.Deploy.0 = Release|Any CPU
		{4F7D165A-16C2-4BC9-86C4-50F8820CD456}.Release|ARM.ActiveCfg = Release|ARM
		{4F7D165A-16C2-4BC9-86C4-50F8820CD456}.Release|ARM.Build.0 = Release|ARM
		{4F7D165A-16C2-4BC9-86C4-50F8820CD456}.Release|ARM.Deploy.0 = Release|ARM
		{4F7D165A-16C2-4BC9-86C4-50F8820CD456}.Release|ARM64.ActiveCfg = Release|ARM64
		{4F7D165A-16C2-4BC9-86C4-50F8820CD456}.Release|ARM64.Build.0 = Release|ARM64
		{4F7D165A-16C2-4BC9-86C4-50F8820CD456}.Release|ARM64.Deploy.0 = Release|ARM64
		{4F7D165A-16C2-4BC9-86C4-50F8820CD456}.Release|x64.ActiveCfg = Release|x64
		{4F7D165A-16C2-4BC9-86C4-50F8820CD456}.Release|x64.Build.0 = Release|x64
		{4F7D165A-16C2-4BC9-86C4-50F8820CD456}.Release|x64.Deploy.0 = Release|x64
		{4F7D165A-16C2-4BC9-86C4-50F8820CD456}.Release|x86.ActiveCfg = Release|x86
		{4F7D165A-16C2-4BC9-86C4-50F8820CD456}.Release|x86.Build.0 = Release|x86
		{4F7D165A-16C2-4BC9-86C4-50F8820CD456}.Release|x86.Deploy.0 = Release|x86
		{ABC2088B-8A93-4111-AC74-6A8CB3C3DDB7}.Debug|Any CPU.ActiveCfg = Debug|Any CPU
		{ABC2088B-8A93-4111-AC74-6A8CB3C3DDB7}.Debug|Any CPU.Build.0 = Debug|Any CPU
		{ABC2088B-8A93-4111-AC74-6A8CB3C3DDB7}.Debug|ARM.ActiveCfg = Debug|Any CPU
		{ABC2088B-8A93-4111-AC74-6A8CB3C3DDB7}.Debug|ARM.Build.0 = Debug|Any CPU
		{ABC2088B-8A93-4111-AC74-6A8CB3C3DDB7}.Debug|ARM64.ActiveCfg = Debug|Any CPU
		{ABC2088B-8A93-4111-AC74-6A8CB3C3DDB7}.Debug|ARM64.Build.0 = Debug|Any CPU
		{ABC2088B-8A93-4111-AC74-6A8CB3C3DDB7}.Debug|x64.ActiveCfg = Debug|Any CPU
		{ABC2088B-8A93-4111-AC74-6A8CB3C3DDB7}.Debug|x64.Build.0 = Debug|Any CPU
		{ABC2088B-8A93-4111-AC74-6A8CB3C3DDB7}.Debug|x86.ActiveCfg = Debug|Any CPU
		{ABC2088B-8A93-4111-AC74-6A8CB3C3DDB7}.Debug|x86.Build.0 = Debug|Any CPU
		{ABC2088B-8A93-4111-AC74-6A8CB3C3DDB7}.Release|Any CPU.ActiveCfg = Release|Any CPU
		{ABC2088B-8A93-4111-AC74-6A8CB3C3DDB7}.Release|Any CPU.Build.0 = Release|Any CPU
		{ABC2088B-8A93-4111-AC74-6A8CB3C3DDB7}.Release|ARM.ActiveCfg = Release|Any CPU
		{ABC2088B-8A93-4111-AC74-6A8CB3C3DDB7}.Release|ARM.Build.0 = Release|Any CPU
		{ABC2088B-8A93-4111-AC74-6A8CB3C3DDB7}.Release|ARM64.ActiveCfg = Release|Any CPU
		{ABC2088B-8A93-4111-AC74-6A8CB3C3DDB7}.Release|ARM64.Build.0 = Release|Any CPU
		{ABC2088B-8A93-4111-AC74-6A8CB3C3DDB7}.Release|x64.ActiveCfg = Release|Any CPU
		{ABC2088B-8A93-4111-AC74-6A8CB3C3DDB7}.Release|x64.Build.0 = Release|Any CPU
		{ABC2088B-8A93-4111-AC74-6A8CB3C3DDB7}.Release|x86.ActiveCfg = Release|Any CPU
		{ABC2088B-8A93-4111-AC74-6A8CB3C3DDB7}.Release|x86.Build.0 = Release|Any CPU
	EndGlobalSection
	GlobalSection(SolutionProperties) = preSolution
		HideSolutionNode = FALSE
	EndGlobalSection
	GlobalSection(ExtensibilityGlobals) = postSolution
		SolutionGuid = {41998AF9-F18F-483C-A521-76C6012FC308}
	EndGlobalSection
EndGlobal
