
Microsoft Visual Studio Solution File, Format Version 12.00
# Visual Studio Version 16
VisualStudioVersion = 16.0.30002.166
MinimumVisualStudioVersion = 10.0.40219.1
Project("{9A19103F-16F7-4668-BE54-9A1E7A4F7556}") = "Common", "Common\Common.csproj", "{7C30FAAE-AB94-4EA9-8BC2-28408569DC62}"
EndProject
Project("{9A19103F-16F7-4668-BE54-9A1E7A4F7556}") = "RAMConsole", "RamMachineConsole\RAMConsole.csproj", "{92B93B05-A32D-4951-8888-F41D999C4D90}"
EndProject
Project("{9A19103F-16F7-4668-BE54-9A1E7A4F7556}") = "RAMEditor", "RAMEditor\RAMEditor.csproj", "{BE76EC7F-EB87-4391-AA43-1F5C84343E38}"
EndProject
Project("{9A19103F-16F7-4668-BE54-9A1E7A4F7556}") = "ColorFont", "FontPicker\ColorFont.csproj", "{4A683125-1A0F-4EB1-AA0D-ABE0F3B9AAD5}"
EndProject
Global
	GlobalSection(SolutionConfigurationPlatforms) = preSolution
		Debug|Any CPU = Debug|Any CPU
		Release|Any CPU = Release|Any CPU
	EndGlobalSection
	GlobalSection(ProjectConfigurationPlatforms) = postSolution
		{7C30FAAE-AB94-4EA9-8BC2-28408569DC62}.Debug|Any CPU.ActiveCfg = Debug|Any CPU
		{7C30FAAE-AB94-4EA9-8BC2-28408569DC62}.Debug|Any CPU.Build.0 = Debug|Any CPU
		{7C30FAAE-AB94-4EA9-8BC2-28408569DC62}.Release|Any CPU.ActiveCfg = Release|Any CPU
		{7C30FAAE-AB94-4EA9-8BC2-28408569DC62}.Release|Any CPU.Build.0 = Release|Any CPU
		{92B93B05-A32D-4951-8888-F41D999C4D90}.Debug|Any CPU.ActiveCfg = Debug|Any CPU
		{92B93B05-A32D-4951-8888-F41D999C4D90}.Debug|Any CPU.Build.0 = Debug|Any CPU
		{92B93B05-A32D-4951-8888-F41D999C4D90}.Release|Any CPU.ActiveCfg = Release|Any CPU
		{92B93B05-A32D-4951-8888-F41D999C4D90}.Release|Any CPU.Build.0 = Release|Any CPU
		{BE76EC7F-EB87-4391-AA43-1F5C84343E38}.Debug|Any CPU.ActiveCfg = Debug|Any CPU
		{BE76EC7F-EB87-4391-AA43-1F5C84343E38}.Debug|Any CPU.Build.0 = Debug|Any CPU
		{BE76EC7F-EB87-4391-AA43-1F5C84343E38}.Release|Any CPU.ActiveCfg = Release|Any CPU
		{BE76EC7F-EB87-4391-AA43-1F5C84343E38}.Release|Any CPU.Build.0 = Release|Any CPU
		{4A683125-1A0F-4EB1-AA0D-ABE0F3B9AAD5}.Debug|Any CPU.ActiveCfg = Debug|Any CPU
		{4A683125-1A0F-4EB1-AA0D-ABE0F3B9AAD5}.Debug|Any CPU.Build.0 = Debug|Any CPU
		{4A683125-1A0F-4EB1-AA0D-ABE0F3B9AAD5}.Release|Any CPU.ActiveCfg = Release|Any CPU
		{4A683125-1A0F-4EB1-AA0D-ABE0F3B9AAD5}.Release|Any CPU.Build.0 = Release|Any CPU
	EndGlobalSection
	GlobalSection(SolutionProperties) = preSolution
		HideSolutionNode = FALSE
	EndGlobalSection
	GlobalSection(ExtensibilityGlobals) = postSolution
		SolutionGuid = {41998AF9-F18F-483C-A521-76C6012FC308}
	EndGlobalSection
EndGlobal
