
Microsoft Visual Studio Solution File, Format Version 12.00
# Visual Studio Version 17
VisualStudioVersion = 17.3.32611.2
MinimumVisualStudioVersion = 10.0.40219.1
Project("{9A19103F-16F7-4668-BE54-9A1E7A4F7556}") = "ProjectRAM.Core", "ProjectRAM.Core\ProjectRAM.Core.csproj", "{2EB389E1-BC21-47DF-B077-A420C4DAEF96}"
EndProject
Project("{9A19103F-16F7-4668-BE54-9A1E7A4F7556}") = "ProjectRAM.Core.Tests", "ProjectRAM.Core.Tests\ProjectRAM.Core.Tests.csproj", "{5A3FDA89-97AB-4A10-B7BE-7C1AD7DDB7BC}"
EndProject
Project("{9A19103F-16F7-4668-BE54-9A1E7A4F7556}") = "ProjectRAM.CLI", "ProjectRAM.CLI\ProjectRAM.CLI.csproj", "{F3314275-A933-475F-8980-802CFBD8C70A}"
EndProject
Project("{9A19103F-16F7-4668-BE54-9A1E7A4F7556}") = "ProjectRAM.Editor", "ProjectRAM.Editor\ProjectRAM.Editor.csproj", "{24380F1F-200C-4C42-956A-50E50C70B9A2}"
EndProject
Project("{9A19103F-16F7-4668-BE54-9A1E7A4F7556}") = "ProjectRAM.Website", "ProjectRAM.Website\ProjectRAM.Website.csproj", "{06FAE8F8-FE35-493C-854A-EE33D22747E9}"
EndProject
Project("{9A19103F-16F7-4668-BE54-9A1E7A4F7556}") = "ProjectRAM.Editor.Tests", "ProjectRAM.Editor.Tests\ProjectRAM.Editor.Tests.csproj", "{37B42F69-1AE2-481B-9CDE-172CF3BDE21E}"
EndProject
Project("{FAE04EC0-301F-11D3-BF4B-00C04F79EFBC}") = "ProjectRAM.Core.Generators", "ProjectRAM.Core.Generators\ProjectRAM.Core.Generators.csproj", "{A50E9E17-C64D-4BDE-838D-AB7B489D81DE}"
EndProject
Global
	GlobalSection(SolutionConfigurationPlatforms) = preSolution
		Debug|Any CPU = Debug|Any CPU
		Release|Any CPU = Release|Any CPU
	EndGlobalSection
	GlobalSection(ProjectConfigurationPlatforms) = postSolution
		{2EB389E1-BC21-47DF-B077-A420C4DAEF96}.Debug|Any CPU.ActiveCfg = Debug|Any CPU
		{2EB389E1-BC21-47DF-B077-A420C4DAEF96}.Debug|Any CPU.Build.0 = Debug|Any CPU
		{2EB389E1-BC21-47DF-B077-A420C4DAEF96}.Release|Any CPU.ActiveCfg = Release|Any CPU
		{2EB389E1-BC21-47DF-B077-A420C4DAEF96}.Release|Any CPU.Build.0 = Release|Any CPU
		{5A3FDA89-97AB-4A10-B7BE-7C1AD7DDB7BC}.Debug|Any CPU.ActiveCfg = Debug|Any CPU
		{5A3FDA89-97AB-4A10-B7BE-7C1AD7DDB7BC}.Debug|Any CPU.Build.0 = Debug|Any CPU
		{5A3FDA89-97AB-4A10-B7BE-7C1AD7DDB7BC}.Release|Any CPU.ActiveCfg = Release|Any CPU
		{5A3FDA89-97AB-4A10-B7BE-7C1AD7DDB7BC}.Release|Any CPU.Build.0 = Release|Any CPU
		{F3314275-A933-475F-8980-802CFBD8C70A}.Debug|Any CPU.ActiveCfg = Debug|Any CPU
		{F3314275-A933-475F-8980-802CFBD8C70A}.Debug|Any CPU.Build.0 = Debug|Any CPU
		{F3314275-A933-475F-8980-802CFBD8C70A}.Release|Any CPU.ActiveCfg = Release|Any CPU
		{F3314275-A933-475F-8980-802CFBD8C70A}.Release|Any CPU.Build.0 = Release|Any CPU
		{24380F1F-200C-4C42-956A-50E50C70B9A2}.Debug|Any CPU.ActiveCfg = Debug|Any CPU
		{24380F1F-200C-4C42-956A-50E50C70B9A2}.Debug|Any CPU.Build.0 = Debug|Any CPU
		{24380F1F-200C-4C42-956A-50E50C70B9A2}.Release|Any CPU.ActiveCfg = Release|Any CPU
		{24380F1F-200C-4C42-956A-50E50C70B9A2}.Release|Any CPU.Build.0 = Release|Any CPU
		{06FAE8F8-FE35-493C-854A-EE33D22747E9}.Debug|Any CPU.ActiveCfg = Debug|Any CPU
		{06FAE8F8-FE35-493C-854A-EE33D22747E9}.Debug|Any CPU.Build.0 = Debug|Any CPU
		{06FAE8F8-FE35-493C-854A-EE33D22747E9}.Release|Any CPU.ActiveCfg = Release|Any CPU
		{06FAE8F8-FE35-493C-854A-EE33D22747E9}.Release|Any CPU.Build.0 = Release|Any CPU
		{37B42F69-1AE2-481B-9CDE-172CF3BDE21E}.Debug|Any CPU.ActiveCfg = Debug|Any CPU
		{37B42F69-1AE2-481B-9CDE-172CF3BDE21E}.Debug|Any CPU.Build.0 = Debug|Any CPU
		{37B42F69-1AE2-481B-9CDE-172CF3BDE21E}.Release|Any CPU.ActiveCfg = Release|Any CPU
		{37B42F69-1AE2-481B-9CDE-172CF3BDE21E}.Release|Any CPU.Build.0 = Release|Any CPU
		{A50E9E17-C64D-4BDE-838D-AB7B489D81DE}.Debug|Any CPU.ActiveCfg = Debug|Any CPU
		{A50E9E17-C64D-4BDE-838D-AB7B489D81DE}.Debug|Any CPU.Build.0 = Debug|Any CPU
		{A50E9E17-C64D-4BDE-838D-AB7B489D81DE}.Release|Any CPU.ActiveCfg = Release|Any CPU
		{A50E9E17-C64D-4BDE-838D-AB7B489D81DE}.Release|Any CPU.Build.0 = Release|Any CPU
	EndGlobalSection
	GlobalSection(SolutionProperties) = preSolution
		HideSolutionNode = FALSE
	EndGlobalSection
	GlobalSection(ExtensibilityGlobals) = postSolution
		SolutionGuid = {F00A025D-9258-4D01-B77D-8E26BC81C997}
	EndGlobalSection
EndGlobal
